
Microsoft Visual Studio Solution File, Format Version 12.00
# Visual Studio 15
VisualStudioVersion = 15.0.28306.52
MinimumVisualStudioVersion = 10.0.40219.1
Project("{FAE04EC0-301F-11D3-BF4B-00C04F79EFBC}") = "Navtrack.Listener", "Navtrack.Listener\Navtrack.Listener.csproj", "{1B008A7E-13B0-4FE2-8579-A73B2F83B4BC}"
EndProject
Global
	GlobalSection(SolutionConfigurationPlatforms) = preSolution
		Debug|Any CPU = Debug|Any CPU
		Release|Any CPU = Release|Any CPU
	EndGlobalSection
	GlobalSection(ProjectConfigurationPlatforms) = postSolution
		{1B008A7E-13B0-4FE2-8579-A73B2F83B4BC}.Debug|Any CPU.ActiveCfg = Debug|Any CPU
		{1B008A7E-13B0-4FE2-8579-A73B2F83B4BC}.Debug|Any CPU.Build.0 = Debug|Any CPU
		{1B008A7E-13B0-4FE2-8579-A73B2F83B4BC}.Release|Any CPU.ActiveCfg = Release|Any CPU
		{1B008A7E-13B0-4FE2-8579-A73B2F83B4BC}.Release|Any CPU.Build.0 = Release|Any CPU
	EndGlobalSection
	GlobalSection(SolutionProperties) = preSolution
		HideSolutionNode = FALSE
	EndGlobalSection
	GlobalSection(ExtensibilityGlobals) = postSolution
		SolutionGuid = {CBE2CFA9-1340-426A-B557-B21BB90BE246}
	EndGlobalSection
EndGlobal
